
Microsoft Visual Studio Solution File, Format Version 12.00
# Visual Studio 15
VisualStudioVersion = 15.0.28307.168
MinimumVisualStudioVersion = 10.0.40219.1
Project("{FAE04EC0-301F-11D3-BF4B-00C04F79EFBC}") = "MusicClient", "MusicClient\MusicClient.csproj", "{4DAA1C56-10A8-4638-BE6E-FB455F9CABBD}"
EndProject
Project("{FAE04EC0-301F-11D3-BF4B-00C04F79EFBC}") = "YandexMusic", "YandexMusic\YandexMusic.csproj", "{E14E7959-F4D1-4BA4-8FF2-860487CCF962}"
EndProject
Project("{FAE04EC0-301F-11D3-BF4B-00C04F79EFBC}") = "Core", "Core\Core.csproj", "{469FCAAC-A3A7-4113-9E3B-47753EFBBF63}"
EndProject
Project("{FAE04EC0-301F-11D3-BF4B-00C04F79EFBC}") = "YandexMusic.Tests", "YandexMusic.Tests\YandexMusic.Tests.csproj", "{250BDC1E-9598-4798-B014-2D4669E902E3}"
EndProject
Project("{FAE04EC0-301F-11D3-BF4B-00C04F79EFBC}") = "YouTubeMusic", "YouTubeMusic\YouTubeMusic.csproj", "{325D4803-2ECB-4CE5-9D5C-A8D4F89880CE}"
EndProject
Project("{FAE04EC0-301F-11D3-BF4B-00C04F79EFBC}") = "ExternalMusicResource", "ExternalMusicResource\ExternalMusicResource.csproj", "{94611270-D810-4E9C-8617-33E237C28593}"
EndProject
Project("{FAE04EC0-301F-11D3-BF4B-00C04F79EFBC}") = "Core.Tests", "Core.Tests\Core.Tests.csproj", "{E002F6E4-2F48-44CD-A60F-7B2923E12110}"
	ProjectSection(ProjectDependencies) = postProject
		{469FCAAC-A3A7-4113-9E3B-47753EFBBF63} = {469FCAAC-A3A7-4113-9E3B-47753EFBBF63}
	EndProjectSection
EndProject
Global
	GlobalSection(SolutionConfigurationPlatforms) = preSolution
		Debug|Any CPU = Debug|Any CPU
		Release|Any CPU = Release|Any CPU
	EndGlobalSection
	GlobalSection(ProjectConfigurationPlatforms) = postSolution
		{4DAA1C56-10A8-4638-BE6E-FB455F9CABBD}.Debug|Any CPU.ActiveCfg = Debug|Any CPU
		{4DAA1C56-10A8-4638-BE6E-FB455F9CABBD}.Debug|Any CPU.Build.0 = Debug|Any CPU
		{4DAA1C56-10A8-4638-BE6E-FB455F9CABBD}.Release|Any CPU.ActiveCfg = Release|Any CPU
		{4DAA1C56-10A8-4638-BE6E-FB455F9CABBD}.Release|Any CPU.Build.0 = Release|Any CPU
		{E14E7959-F4D1-4BA4-8FF2-860487CCF962}.Debug|Any CPU.ActiveCfg = Debug|Any CPU
		{E14E7959-F4D1-4BA4-8FF2-860487CCF962}.Debug|Any CPU.Build.0 = Debug|Any CPU
		{E14E7959-F4D1-4BA4-8FF2-860487CCF962}.Release|Any CPU.ActiveCfg = Release|Any CPU
		{E14E7959-F4D1-4BA4-8FF2-860487CCF962}.Release|Any CPU.Build.0 = Release|Any CPU
		{469FCAAC-A3A7-4113-9E3B-47753EFBBF63}.Debug|Any CPU.ActiveCfg = Debug|Any CPU
		{469FCAAC-A3A7-4113-9E3B-47753EFBBF63}.Debug|Any CPU.Build.0 = Debug|Any CPU
		{469FCAAC-A3A7-4113-9E3B-47753EFBBF63}.Release|Any CPU.ActiveCfg = Release|Any CPU
		{469FCAAC-A3A7-4113-9E3B-47753EFBBF63}.Release|Any CPU.Build.0 = Release|Any CPU
		{250BDC1E-9598-4798-B014-2D4669E902E3}.Debug|Any CPU.ActiveCfg = Debug|Any CPU
		{250BDC1E-9598-4798-B014-2D4669E902E3}.Debug|Any CPU.Build.0 = Debug|Any CPU
		{250BDC1E-9598-4798-B014-2D4669E902E3}.Release|Any CPU.ActiveCfg = Release|Any CPU
		{250BDC1E-9598-4798-B014-2D4669E902E3}.Release|Any CPU.Build.0 = Release|Any CPU
		{325D4803-2ECB-4CE5-9D5C-A8D4F89880CE}.Debug|Any CPU.ActiveCfg = Debug|Any CPU
		{325D4803-2ECB-4CE5-9D5C-A8D4F89880CE}.Debug|Any CPU.Build.0 = Debug|Any CPU
		{325D4803-2ECB-4CE5-9D5C-A8D4F89880CE}.Release|Any CPU.ActiveCfg = Release|Any CPU
		{325D4803-2ECB-4CE5-9D5C-A8D4F89880CE}.Release|Any CPU.Build.0 = Release|Any CPU
		{94611270-D810-4E9C-8617-33E237C28593}.Debug|Any CPU.ActiveCfg = Debug|Any CPU
		{94611270-D810-4E9C-8617-33E237C28593}.Debug|Any CPU.Build.0 = Debug|Any CPU
		{94611270-D810-4E9C-8617-33E237C28593}.Release|Any CPU.ActiveCfg = Release|Any CPU
		{94611270-D810-4E9C-8617-33E237C28593}.Release|Any CPU.Build.0 = Release|Any CPU
		{E002F6E4-2F48-44CD-A60F-7B2923E12110}.Debug|Any CPU.ActiveCfg = Debug|Any CPU
		{E002F6E4-2F48-44CD-A60F-7B2923E12110}.Debug|Any CPU.Build.0 = Debug|Any CPU
		{E002F6E4-2F48-44CD-A60F-7B2923E12110}.Release|Any CPU.ActiveCfg = Release|Any CPU
		{E002F6E4-2F48-44CD-A60F-7B2923E12110}.Release|Any CPU.Build.0 = Release|Any CPU
	EndGlobalSection
	GlobalSection(SolutionProperties) = preSolution
		HideSolutionNode = FALSE
	EndGlobalSection
	GlobalSection(ExtensibilityGlobals) = postSolution
		SolutionGuid = {50A4955C-3D59-4319-8316-FA5F466C5971}
	EndGlobalSection
EndGlobal
